// !$*UTF8*$!
{
	archiveVersion = 1;
	classes = {
	};
	objectVersion = 46;
	objects = {

/* Begin PBXBuildFile section */
		123D0EA1141EF15800B9565C /* o.png in Resources */ = {isa = PBXBuildFile; fileRef = 123D0E9F141EF15800B9565C /* o.png */; };
		123D0EA2141EF15800B9565C /* x.png in Resources */ = {isa = PBXBuildFile; fileRef = 123D0EA0141EF15800B9565C /* x.png */; };
		12976B31141FEFF200BD7E83 /* CasaInexistenteException.m in Sources */ = {isa = PBXBuildFile; fileRef = 12976B29141FEFF200BD7E83 /* CasaInexistenteException.m */; };
		12976B32141FEFF200BD7E83 /* CasaJaMarcadaException.m in Sources */ = {isa = PBXBuildFile; fileRef = 12976B2B141FEFF200BD7E83 /* CasaJaMarcadaException.m */; };
		12976B33141FEFF200BD7E83 /* JogoEncerradoException.m in Sources */ = {isa = PBXBuildFile; fileRef = 12976B2E141FEFF200BD7E83 /* JogoEncerradoException.m */; };
		12976B34141FEFF200BD7E83 /* Partida.m in Sources */ = {isa = PBXBuildFile; fileRef = 12976B30141FEFF200BD7E83 /* Partida.m */; };
		12C3F7AC141FEF000070160F /* CellView.m in Sources */ = {isa = PBXBuildFile; fileRef = 12C3F7AB141FEF000070160F /* CellView.m */; };
		12D4A909141E45A700FD99F3 /* UIKit.framework in Frameworks */ = {isa = PBXBuildFile; fileRef = 12D4A908141E45A700FD99F3 /* UIKit.framework */; };
		12D4A90B141E45A700FD99F3 /* Foundation.framework in Frameworks */ = {isa = PBXBuildFile; fileRef = 12D4A90A141E45A700FD99F3 /* Foundation.framework */; };
		12D4A90D141E45A700FD99F3 /* CoreGraphics.framework in Frameworks */ = {isa = PBXBuildFile; fileRef = 12D4A90C141E45A700FD99F3 /* CoreGraphics.framework */; };
		12D4A913141E45A800FD99F3 /* InfoPlist.strings in Resources */ = {isa = PBXBuildFile; fileRef = 12D4A911141E45A800FD99F3 /* InfoPlist.strings */; };
		12D4A915141E45A800FD99F3 /* main.m in Sources */ = {isa = PBXBuildFile; fileRef = 12D4A914141E45A800FD99F3 /* main.m */; };
		12D4A919141E45A800FD99F3 /* JogoDaVelhaAppDelegate.m in Sources */ = {isa = PBXBuildFile; fileRef = 12D4A918141E45A800FD99F3 /* JogoDaVelhaAppDelegate.m */; };
		12D4A91C141E45A800FD99F3 /* MainWindow.xib in Resources */ = {isa = PBXBuildFile; fileRef = 12D4A91A141E45A800FD99F3 /* MainWindow.xib */; };
		12D4A92A141E45A800FD99F3 /* SenTestingKit.framework in Frameworks */ = {isa = PBXBuildFile; fileRef = 12D4A929141E45A800FD99F3 /* SenTestingKit.framework */; };
		12D4A92B141E45A800FD99F3 /* UIKit.framework in Frameworks */ = {isa = PBXBuildFile; fileRef = 12D4A908141E45A700FD99F3 /* UIKit.framework */; };
		12D4A92C141E45A800FD99F3 /* Foundation.framework in Frameworks */ = {isa = PBXBuildFile; fileRef = 12D4A90A141E45A700FD99F3 /* Foundation.framework */; };
		12D4A92D141E45A800FD99F3 /* CoreGraphics.framework in Frameworks */ = {isa = PBXBuildFile; fileRef = 12D4A90C141E45A700FD99F3 /* CoreGraphics.framework */; };
		12D4A935141E45A800FD99F3 /* InfoPlist.strings in Resources */ = {isa = PBXBuildFile; fileRef = 12D4A933141E45A800FD99F3 /* InfoPlist.strings */; };
		12D4A937141E45A800FD99F3 /* PartidaTests.h in Resources */ = {isa = PBXBuildFile; fileRef = 12D4A936141E45A800FD99F3 /* PartidaTests.h */; };
		12D4A939141E45A800FD99F3 /* PartidaTests.m in Sources */ = {isa = PBXBuildFile; fileRef = 12D4A938141E45A800FD99F3 /* PartidaTests.m */; };
		12E3D35C141F02620051E289 /* tab.png in Resources */ = {isa = PBXBuildFile; fileRef = 12E3D35B141F02620051E289 /* tab.png */; };
		12E5CFE6141FF01B0010F8C2 /* TabuleiroViewController.xib in Resources */ = {isa = PBXBuildFile; fileRef = 12E5CFE3141FF01B0010F8C2 /* TabuleiroViewController.xib */; };
		12E5CFE7141FF01B0010F8C2 /* TabuleiroViewController.m in Sources */ = {isa = PBXBuildFile; fileRef = 12E5CFE5141FF01B0010F8C2 /* TabuleiroViewController.m */; };
/* End PBXBuildFile section */

/* Begin PBXContainerItemProxy section */
		12D4A972141E5D7800FD99F3 /* PBXContainerItemProxy */ = {
			isa = PBXContainerItemProxy;
			containerPortal = 12D4A8FB141E45A700FD99F3 /* Project object */;
			proxyType = 1;
			remoteGlobalIDString = 12D4A903141E45A700FD99F3;
			remoteInfo = JogoDaVelha;
		};
/* End PBXContainerItemProxy section */

/* Begin PBXFileReference section */
		123D0E9F141EF15800B9565C /* o.png */ = {isa = PBXFileReference; lastKnownFileType = image.png; name = o.png; path = Resources/o.png; sourceTree = "<group>"; };
		123D0EA0141EF15800B9565C /* x.png */ = {isa = PBXFileReference; lastKnownFileType = image.png; name = x.png; path = Resources/x.png; sourceTree = "<group>"; };
		12976B28141FEFF200BD7E83 /* CasaInexistenteException.h */ = {isa = PBXFileReference; fileEncoding = 4; lastKnownFileType = sourcecode.c.h; name = CasaInexistenteException.h; path = Models/CasaInexistenteException.h; sourceTree = SOURCE_ROOT; };
		12976B29141FEFF200BD7E83 /* CasaInexistenteException.m */ = {isa = PBXFileReference; fileEncoding = 4; lastKnownFileType = sourcecode.c.objc; name = CasaInexistenteException.m; path = Models/CasaInexistenteException.m; sourceTree = SOURCE_ROOT; };
		12976B2A141FEFF200BD7E83 /* CasaJaMarcadaException.h */ = {isa = PBXFileReference; fileEncoding = 4; lastKnownFileType = sourcecode.c.h; name = CasaJaMarcadaException.h; path = Models/CasaJaMarcadaException.h; sourceTree = SOURCE_ROOT; };
		12976B2B141FEFF200BD7E83 /* CasaJaMarcadaException.m */ = {isa = PBXFileReference; fileEncoding = 4; lastKnownFileType = sourcecode.c.objc; name = CasaJaMarcadaException.m; path = Models/CasaJaMarcadaException.m; sourceTree = SOURCE_ROOT; };
		12976B2C141FEFF200BD7E83 /* Jogador.h */ = {isa = PBXFileReference; fileEncoding = 4; lastKnownFileType = sourcecode.c.h; name = Jogador.h; path = Models/Jogador.h; sourceTree = SOURCE_ROOT; };
		12976B2D141FEFF200BD7E83 /* JogoEncerradoException.h */ = {isa = PBXFileReference; fileEncoding = 4; lastKnownFileType = sourcecode.c.h; name = JogoEncerradoException.h; path = Models/JogoEncerradoException.h; sourceTree = SOURCE_ROOT; };
		12976B2E141FEFF200BD7E83 /* JogoEncerradoException.m */ = {isa = PBXFileReference; fileEncoding = 4; lastKnownFileType = sourcecode.c.objc; name = JogoEncerradoException.m; path = Models/JogoEncerradoException.m; sourceTree = SOURCE_ROOT; };
		12976B2F141FEFF200BD7E83 /* Partida.h */ = {isa = PBXFileReference; fileEncoding = 4; lastKnownFileType = sourcecode.c.h; name = Partida.h; path = Models/Partida.h; sourceTree = SOURCE_ROOT; };
		12976B30141FEFF200BD7E83 /* Partida.m */ = {isa = PBXFileReference; fileEncoding = 4; lastKnownFileType = sourcecode.c.objc; name = Partida.m; path = Models/Partida.m; sourceTree = SOURCE_ROOT; };
		12C39DC71420CF0500F2C4D3 /* Notifications.h */ = {isa = PBXFileReference; fileEncoding = 4; lastKnownFileType = sourcecode.c.h; name = Notifications.h; path = Controllers/Notifications.h; sourceTree = SOURCE_ROOT; };
		12C3F7AA141FEF000070160F /* CellView.h */ = {isa = PBXFileReference; fileEncoding = 4; lastKnownFileType = sourcecode.c.h; name = CellView.h; path = Views/CellView.h; sourceTree = "<group>"; };
		12C3F7AB141FEF000070160F /* CellView.m */ = {isa = PBXFileReference; fileEncoding = 4; lastKnownFileType = sourcecode.c.objc; name = CellView.m; path = Views/CellView.m; sourceTree = "<group>"; };
		12D4A904141E45A700FD99F3 /* JogoDaVelha.app */ = {isa = PBXFileReference; explicitFileType = wrapper.application; includeInIndex = 0; path = JogoDaVelha.app; sourceTree = BUILT_PRODUCTS_DIR; };
		12D4A908141E45A700FD99F3 /* UIKit.framework */ = {isa = PBXFileReference; lastKnownFileType = wrapper.framework; name = UIKit.framework; path = System/Library/Frameworks/UIKit.framework; sourceTree = SDKROOT; };
		12D4A90A141E45A700FD99F3 /* Foundation.framework */ = {isa = PBXFileReference; lastKnownFileType = wrapper.framework; name = Foundation.framework; path = System/Library/Frameworks/Foundation.framework; sourceTree = SDKROOT; };
		12D4A90C141E45A700FD99F3 /* CoreGraphics.framework */ = {isa = PBXFileReference; lastKnownFileType = wrapper.framework; name = CoreGraphics.framework; path = System/Library/Frameworks/CoreGraphics.framework; sourceTree = SDKROOT; };
		12D4A910141E45A800FD99F3 /* JogoDaVelha-Info.plist */ = {isa = PBXFileReference; lastKnownFileType = text.plist.xml; path = "JogoDaVelha-Info.plist"; sourceTree = "<group>"; };
		12D4A912141E45A800FD99F3 /* en */ = {isa = PBXFileReference; lastKnownFileType = text.plist.strings; name = en; path = en.lproj/InfoPlist.strings; sourceTree = "<group>"; };
		12D4A914141E45A800FD99F3 /* main.m */ = {isa = PBXFileReference; lastKnownFileType = sourcecode.c.objc; path = main.m; sourceTree = "<group>"; };
		12D4A916141E45A800FD99F3 /* JogoDaVelha-Prefix.pch */ = {isa = PBXFileReference; lastKnownFileType = sourcecode.c.h; path = "JogoDaVelha-Prefix.pch"; sourceTree = "<group>"; };
		12D4A917141E45A800FD99F3 /* JogoDaVelhaAppDelegate.h */ = {isa = PBXFileReference; lastKnownFileType = sourcecode.c.h; path = JogoDaVelhaAppDelegate.h; sourceTree = "<group>"; };
		12D4A918141E45A800FD99F3 /* JogoDaVelhaAppDelegate.m */ = {isa = PBXFileReference; lastKnownFileType = sourcecode.c.objc; path = JogoDaVelhaAppDelegate.m; sourceTree = "<group>"; };
		12D4A91B141E45A800FD99F3 /* en */ = {isa = PBXFileReference; lastKnownFileType = file.xib; name = en; path = en.lproj/MainWindow.xib; sourceTree = "<group>"; };
		12D4A928141E45A800FD99F3 /* JogoDaVelhaTests.octest */ = {isa = PBXFileReference; explicitFileType = wrapper.cfbundle; includeInIndex = 0; path = JogoDaVelhaTests.octest; sourceTree = BUILT_PRODUCTS_DIR; };
		12D4A929141E45A800FD99F3 /* SenTestingKit.framework */ = {isa = PBXFileReference; lastKnownFileType = wrapper.framework; name = SenTestingKit.framework; path = Library/Frameworks/SenTestingKit.framework; sourceTree = DEVELOPER_DIR; };
		12D4A932141E45A800FD99F3 /* JogoDaVelhaTests-Info.plist */ = {isa = PBXFileReference; lastKnownFileType = text.plist.xml; path = "JogoDaVelhaTests-Info.plist"; sourceTree = "<group>"; };
		12D4A934141E45A800FD99F3 /* en */ = {isa = PBXFileReference; lastKnownFileType = text.plist.strings; name = en; path = en.lproj/InfoPlist.strings; sourceTree = "<group>"; };
		12D4A936141E45A800FD99F3 /* PartidaTests.h */ = {isa = PBXFileReference; lastKnownFileType = sourcecode.c.h; path = PartidaTests.h; sourceTree = "<group>"; };
		12D4A938141E45A800FD99F3 /* PartidaTests.m */ = {isa = PBXFileReference; lastKnownFileType = sourcecode.c.objc; path = PartidaTests.m; sourceTree = "<group>"; };
		12E3D35B141F02620051E289 /* tab.png */ = {isa = PBXFileReference; lastKnownFileType = image.png; name = tab.png; path = Resources/tab.png; sourceTree = "<group>"; };
		12E5CFE3141FF01B0010F8C2 /* TabuleiroViewController.xib */ = {isa = PBXFileReference; fileEncoding = 4; lastKnownFileType = file.xib; name = TabuleiroViewController.xib; path = Controllers/TabuleiroViewController.xib; sourceTree = SOURCE_ROOT; };
		12E5CFE4141FF01B0010F8C2 /* TabuleiroViewController.h */ = {isa = PBXFileReference; fileEncoding = 4; lastKnownFileType = sourcecode.c.h; name = TabuleiroViewController.h; path = Controllers/TabuleiroViewController.h; sourceTree = SOURCE_ROOT; };
		12E5CFE5141FF01B0010F8C2 /* TabuleiroViewController.m */ = {isa = PBXFileReference; fileEncoding = 4; lastKnownFileType = sourcecode.c.objc; name = TabuleiroViewController.m; path = Controllers/TabuleiroViewController.m; sourceTree = SOURCE_ROOT; };
/* End PBXFileReference section */

/* Begin PBXFrameworksBuildPhase section */
		12D4A901141E45A700FD99F3 /* Frameworks */ = {
			isa = PBXFrameworksBuildPhase;
			buildActionMask = 2147483647;
			files = (
				12D4A909141E45A700FD99F3 /* UIKit.framework in Frameworks */,
				12D4A90B141E45A700FD99F3 /* Foundation.framework in Frameworks */,
				12D4A90D141E45A700FD99F3 /* CoreGraphics.framework in Frameworks */,
			);
			runOnlyForDeploymentPostprocessing = 0;
		};
		12D4A924141E45A800FD99F3 /* Frameworks */ = {
			isa = PBXFrameworksBuildPhase;
			buildActionMask = 2147483647;
			files = (
				12D4A92A141E45A800FD99F3 /* SenTestingKit.framework in Frameworks */,
				12D4A92B141E45A800FD99F3 /* UIKit.framework in Frameworks */,
				12D4A92C141E45A800FD99F3 /* Foundation.framework in Frameworks */,
				12D4A92D141E45A800FD99F3 /* CoreGraphics.framework in Frameworks */,
			);
			runOnlyForDeploymentPostprocessing = 0;
		};
/* End PBXFrameworksBuildPhase section */

/* Begin PBXGroup section */
		123D0E90141EAF1200B9565C /* Controllers */ = {
			isa = PBXGroup;
			children = (
				12D4A917141E45A800FD99F3 /* JogoDaVelhaAppDelegate.h */,
				12D4A918141E45A800FD99F3 /* JogoDaVelhaAppDelegate.m */,
				12D4A91A141E45A800FD99F3 /* MainWindow.xib */,
				12E5CFE4141FF01B0010F8C2 /* TabuleiroViewController.h */,
				12E5CFE5141FF01B0010F8C2 /* TabuleiroViewController.m */,
				12E5CFE3141FF01B0010F8C2 /* TabuleiroViewController.xib */,
				12C39DC71420CF0500F2C4D3 /* Notifications.h */,
			);
			name = Controllers;
			path = JogoDaVelha;
			sourceTree = "<group>";
		};
		123D0E93141EAF7600B9565C /* Classes */ = {
			isa = PBXGroup;
			children = (
				12D4A936141E45A800FD99F3 /* PartidaTests.h */,
				12D4A938141E45A800FD99F3 /* PartidaTests.m */,
			);
			name = Classes;
			sourceTree = "<group>";
		};
		123D0E99141EEF6800B9565C /* Resources */ = {
			isa = PBXGroup;
			children = (
				12E3D35B141F02620051E289 /* tab.png */,
				123D0E9F141EF15800B9565C /* o.png */,
				123D0EA0141EF15800B9565C /* x.png */,
			);
			name = Resources;
			sourceTree = "<group>";
		};
		12C3F7A9141FEEF00070160F /* View */ = {
			isa = PBXGroup;
			children = (
				12C3F7AA141FEF000070160F /* CellView.h */,
				12C3F7AB141FEF000070160F /* CellView.m */,
			);
			name = View;
			sourceTree = "<group>";
		};
		12D4A8F9141E45A700FD99F3 = {
			isa = PBXGroup;
			children = (
				12C3F7A9141FEEF00070160F /* View */,
				123D0E90141EAF1200B9565C /* Controllers */,
				12D4A90E141E45A700FD99F3 /* Model */,
				123D0E99141EEF6800B9565C /* Resources */,
				12D4A930141E45A800FD99F3 /* Tests */,
				12D4A907141E45A700FD99F3 /* Frameworks */,
				12D4A905141E45A700FD99F3 /* Products */,
			);
			sourceTree = "<group>";
		};
		12D4A905141E45A700FD99F3 /* Products */ = {
			isa = PBXGroup;
			children = (
				12D4A904141E45A700FD99F3 /* JogoDaVelha.app */,
				12D4A928141E45A800FD99F3 /* JogoDaVelhaTests.octest */,
			);
			name = Products;
			sourceTree = "<group>";
		};
		12D4A907141E45A700FD99F3 /* Frameworks */ = {
			isa = PBXGroup;
			children = (
				12D4A908141E45A700FD99F3 /* UIKit.framework */,
				12D4A90A141E45A700FD99F3 /* Foundation.framework */,
				12D4A90C141E45A700FD99F3 /* CoreGraphics.framework */,
				12D4A929141E45A800FD99F3 /* SenTestingKit.framework */,
			);
			name = Frameworks;
			sourceTree = "<group>";
		};
		12D4A90E141E45A700FD99F3 /* Model */ = {
			isa = PBXGroup;
			children = (
				12976B28141FEFF200BD7E83 /* CasaInexistenteException.h */,
				12976B29141FEFF200BD7E83 /* CasaInexistenteException.m */,
				12976B2A141FEFF200BD7E83 /* CasaJaMarcadaException.h */,
				12976B2B141FEFF200BD7E83 /* CasaJaMarcadaException.m */,
				12976B2C141FEFF200BD7E83 /* Jogador.h */,
				12976B2D141FEFF200BD7E83 /* JogoEncerradoException.h */,
				12976B2E141FEFF200BD7E83 /* JogoEncerradoException.m */,
				12976B2F141FEFF200BD7E83 /* Partida.h */,
				12976B30141FEFF200BD7E83 /* Partida.m */,
				12D4A90F141E45A800FD99F3 /* Supporting Files */,
			);
			name = Model;
			path = JogoDaVelha;
			sourceTree = "<group>";
		};
		12D4A90F141E45A800FD99F3 /* Supporting Files */ = {
			isa = PBXGroup;
			children = (
				12D4A910141E45A800FD99F3 /* JogoDaVelha-Info.plist */,
				12D4A911141E45A800FD99F3 /* InfoPlist.strings */,
				12D4A914141E45A800FD99F3 /* main.m */,
				12D4A916141E45A800FD99F3 /* JogoDaVelha-Prefix.pch */,
			);
			name = "Supporting Files";
			sourceTree = "<group>";
		};
		12D4A930141E45A800FD99F3 /* Tests */ = {
			isa = PBXGroup;
			children = (
				123D0E93141EAF7600B9565C /* Classes */,
				12D4A931141E45A800FD99F3 /* Supporting Files */,
			);
			name = Tests;
			path = JogoDaVelhaTests;
			sourceTree = "<group>";
		};
		12D4A931141E45A800FD99F3 /* Supporting Files */ = {
			isa = PBXGroup;
			children = (
				12D4A932141E45A800FD99F3 /* JogoDaVelhaTests-Info.plist */,
				12D4A933141E45A800FD99F3 /* InfoPlist.strings */,
			);
			name = "Supporting Files";
			sourceTree = "<group>";
		};
/* End PBXGroup section */

/* Begin PBXNativeTarget section */
		12D4A903141E45A700FD99F3 /* JogoDaVelha */ = {
			isa = PBXNativeTarget;
			buildConfigurationList = 12D4A93C141E45A800FD99F3 /* Build configuration list for PBXNativeTarget "JogoDaVelha" */;
			buildPhases = (
				12D4A900141E45A700FD99F3 /* Sources */,
				12D4A901141E45A700FD99F3 /* Frameworks */,
				12D4A902141E45A700FD99F3 /* Resources */,
			);
			buildRules = (
			);
			dependencies = (
			);
			name = JogoDaVelha;
			productName = JogoDaVelha;
			productReference = 12D4A904141E45A700FD99F3 /* JogoDaVelha.app */;
			productType = "com.apple.product-type.application";
		};
		12D4A927141E45A800FD99F3 /* JogoDaVelhaTests */ = {
			isa = PBXNativeTarget;
			buildConfigurationList = 12D4A93F141E45A800FD99F3 /* Build configuration list for PBXNativeTarget "JogoDaVelhaTests" */;
			buildPhases = (
				12D4A923141E45A800FD99F3 /* Sources */,
				12D4A924141E45A800FD99F3 /* Frameworks */,
				12D4A925141E45A800FD99F3 /* Resources */,
				12D4A926141E45A800FD99F3 /* ShellScript */,
			);
			buildRules = (
			);
			dependencies = (
				12D4A973141E5D7800FD99F3 /* PBXTargetDependency */,
			);
			name = JogoDaVelhaTests;
			productName = JogoDaVelhaTests;
			productReference = 12D4A928141E45A800FD99F3 /* JogoDaVelhaTests.octest */;
			productType = "com.apple.product-type.bundle";
		};
/* End PBXNativeTarget section */

/* Begin PBXProject section */
		12D4A8FB141E45A700FD99F3 /* Project object */ = {
			isa = PBXProject;
			buildConfigurationList = 12D4A8FE141E45A700FD99F3 /* Build configuration list for PBXProject "JogoDaVelha" */;
			compatibilityVersion = "Xcode 3.2";
			developmentRegion = English;
			hasScannedForEncodings = 0;
			knownRegions = (
				en,
			);
			mainGroup = 12D4A8F9141E45A700FD99F3;
			productRefGroup = 12D4A905141E45A700FD99F3 /* Products */;
			projectDirPath = "";
			projectRoot = "";
			targets = (
				12D4A903141E45A700FD99F3 /* JogoDaVelha */,
				12D4A927141E45A800FD99F3 /* JogoDaVelhaTests */,
			);
		};
/* End PBXProject section */

/* Begin PBXResourcesBuildPhase section */
		12D4A902141E45A700FD99F3 /* Resources */ = {
			isa = PBXResourcesBuildPhase;
			buildActionMask = 2147483647;
			files = (
				12D4A913141E45A800FD99F3 /* InfoPlist.strings in Resources */,
				12D4A91C141E45A800FD99F3 /* MainWindow.xib in Resources */,
				123D0EA1141EF15800B9565C /* o.png in Resources */,
				123D0EA2141EF15800B9565C /* x.png in Resources */,
				12E3D35C141F02620051E289 /* tab.png in Resources */,
				12E5CFE6141FF01B0010F8C2 /* TabuleiroViewController.xib in Resources */,
			);
			runOnlyForDeploymentPostprocessing = 0;
		};
		12D4A925141E45A800FD99F3 /* Resources */ = {
			isa = PBXResourcesBuildPhase;
			buildActionMask = 2147483647;
			files = (
				12D4A935141E45A800FD99F3 /* InfoPlist.strings in Resources */,
				12D4A937141E45A800FD99F3 /* PartidaTests.h in Resources */,
			);
			runOnlyForDeploymentPostprocessing = 0;
		};
/* End PBXResourcesBuildPhase section */

/* Begin PBXShellScriptBuildPhase section */
		12D4A926141E45A800FD99F3 /* ShellScript */ = {
			isa = PBXShellScriptBuildPhase;
			buildActionMask = 2147483647;
			files = (
			);
			inputPaths = (
			);
			outputPaths = (
			);
			runOnlyForDeploymentPostprocessing = 0;
			shellPath = /bin/sh;
			shellScript = "# Run the unit tests in this test bundle.\n\"${SYSTEM_DEVELOPER_DIR}/Tools/RunUnitTests\"\n";
		};
/* End PBXShellScriptBuildPhase section */

/* Begin PBXSourcesBuildPhase section */
		12D4A900141E45A700FD99F3 /* Sources */ = {
			isa = PBXSourcesBuildPhase;
			buildActionMask = 2147483647;
			files = (
				12D4A915141E45A800FD99F3 /* main.m in Sources */,
				12D4A919141E45A800FD99F3 /* JogoDaVelhaAppDelegate.m in Sources */,
				12C3F7AC141FEF000070160F /* CellView.m in Sources */,
				12976B31141FEFF200BD7E83 /* CasaInexistenteException.m in Sources */,
				12976B32141FEFF200BD7E83 /* CasaJaMarcadaException.m in Sources */,
				12976B33141FEFF200BD7E83 /* JogoEncerradoException.m in Sources */,
				12976B34141FEFF200BD7E83 /* Partida.m in Sources */,
				12E5CFE7141FF01B0010F8C2 /* TabuleiroViewController.m in Sources */,
			);
			runOnlyForDeploymentPostprocessing = 0;
		};
		12D4A923141E45A800FD99F3 /* Sources */ = {
			isa = PBXSourcesBuildPhase;
			buildActionMask = 2147483647;
			files = (
				12D4A939141E45A800FD99F3 /* PartidaTests.m in Sources */,
			);
			runOnlyForDeploymentPostprocessing = 0;
		};
/* End PBXSourcesBuildPhase section */

/* Begin PBXTargetDependency section */
		12D4A973141E5D7800FD99F3 /* PBXTargetDependency */ = {
			isa = PBXTargetDependency;
			target = 12D4A903141E45A700FD99F3 /* JogoDaVelha */;
			targetProxy = 12D4A972141E5D7800FD99F3 /* PBXContainerItemProxy */;
		};
/* End PBXTargetDependency section */

/* Begin PBXVariantGroup section */
		12D4A911141E45A800FD99F3 /* InfoPlist.strings */ = {
			isa = PBXVariantGroup;
			children = (
				12D4A912141E45A800FD99F3 /* en */,
			);
			name = InfoPlist.strings;
			sourceTree = "<group>";
		};
		12D4A91A141E45A800FD99F3 /* MainWindow.xib */ = {
			isa = PBXVariantGroup;
			children = (
				12D4A91B141E45A800FD99F3 /* en */,
			);
			name = MainWindow.xib;
			sourceTree = "<group>";
		};
		12D4A933141E45A800FD99F3 /* InfoPlist.strings */ = {
			isa = PBXVariantGroup;
			children = (
				12D4A934141E45A800FD99F3 /* en */,
			);
			name = InfoPlist.strings;
			sourceTree = "<group>";
		};
/* End PBXVariantGroup section */

/* Begin XCBuildConfiguration section */
		12D4A93A141E45A800FD99F3 /* Debug */ = {
			isa = XCBuildConfiguration;
			buildSettings = {
				ALWAYS_SEARCH_USER_PATHS = NO;
				ARCHS = "$(ARCHS_STANDARD_32_BIT)";
				CODE_SIGN_IDENTITY = "";
				"CODE_SIGN_IDENTITY[sdk=iphoneos*]" = "iPhone Developer";
				COPY_PHASE_STRIP = NO;
				GCC_C_LANGUAGE_STANDARD = gnu99;
				GCC_DYNAMIC_NO_PIC = NO;
				GCC_OPTIMIZATION_LEVEL = 0;
				GCC_PREPROCESSOR_DEFINITIONS = (
					"DEBUG=1",
					"$(inherited)",
				);
				GCC_SYMBOLS_PRIVATE_EXTERN = NO;
				GCC_VERSION = com.apple.compilers.llvmgcc42;
				GCC_WARN_ABOUT_MISSING_PROTOTYPES = YES;
				GCC_WARN_ABOUT_RETURN_TYPE = YES;
				GCC_WARN_UNUSED_VARIABLE = YES;
				IPHONEOS_DEPLOYMENT_TARGET = 4.3;
				"PROVISIONING_PROFILE[sdk=iphoneos*]" = "";
				SDKROOT = iphoneos;
			};
			name = Debug;
		};
		12D4A93B141E45A800FD99F3 /* Release */ = {
			isa = XCBuildConfiguration;
			buildSettings = {
				ALWAYS_SEARCH_USER_PATHS = NO;
				ARCHS = "$(ARCHS_STANDARD_32_BIT)";
				CODE_SIGN_IDENTITY = "";
				"CODE_SIGN_IDENTITY[sdk=iphoneos*]" = "iPhone Developer";
				COPY_PHASE_STRIP = YES;
				GCC_C_LANGUAGE_STANDARD = gnu99;
				GCC_VERSION = com.apple.compilers.llvmgcc42;
				GCC_WARN_ABOUT_MISSING_PROTOTYPES = YES;
				GCC_WARN_ABOUT_RETURN_TYPE = YES;
				GCC_WARN_UNUSED_VARIABLE = YES;
				IPHONEOS_DEPLOYMENT_TARGET = 4.3;
				OTHER_CFLAGS = "-DNS_BLOCK_ASSERTIONS=1";
				"PROVISIONING_PROFILE[sdk=iphoneos*]" = "";
				SDKROOT = iphoneos;
				VALIDATE_PRODUCT = YES;
			};
			name = Release;
		};
		12D4A93D141E45A800FD99F3 /* Debug */ = {
			isa = XCBuildConfiguration;
			buildSettings = {
				GCC_PRECOMPILE_PREFIX_HEADER = YES;
				GCC_PREFIX_HEADER = "JogoDaVelha/JogoDaVelha-Prefix.pch";
				INFOPLIST_FILE = "JogoDaVelha/JogoDaVelha-Info.plist";
				PRODUCT_NAME = "$(TARGET_NAME)";
				WRAPPER_EXTENSION = app;
			};
			name = Debug;
		};
		12D4A93E141E45A800FD99F3 /* Release */ = {
			isa = XCBuildConfiguration;
			buildSettings = {
				GCC_PRECOMPILE_PREFIX_HEADER = YES;
				GCC_PREFIX_HEADER = "JogoDaVelha/JogoDaVelha-Prefix.pch";
				INFOPLIST_FILE = "JogoDaVelha/JogoDaVelha-Info.plist";
				PRODUCT_NAME = "$(TARGET_NAME)";
				WRAPPER_EXTENSION = app;
			};
			name = Release;
		};
		12D4A940141E45A800FD99F3 /* Debug */ = {
			isa = XCBuildConfiguration;
			buildSettings = {
				BUNDLE_LOADER = "$(BUILT_PRODUCTS_DIR)/JogoDaVelha.app/JogoDaVelha";
				FRAMEWORK_SEARCH_PATHS = (
					"$(SDKROOT)/Developer/Library/Frameworks",
					"$(DEVELOPER_LIBRARY_DIR)/Frameworks",
				);
				GCC_PRECOMPILE_PREFIX_HEADER = YES;
				GCC_PREFIX_HEADER = "JogoDaVelha/JogoDaVelha-Prefix.pch";
				INFOPLIST_FILE = "JogoDaVelhaTests/JogoDaVelhaTests-Info.plist";
				PRODUCT_NAME = "$(TARGET_NAME)";
				SDKROOT = iphoneos;
				TEST_HOST = "$(BUNDLE_LOADER)";
				WRAPPER_EXTENSION = octest;
			};
			name = Debug;
		};
		12D4A941141E45A800FD99F3 /* Release */ = {
			isa = XCBuildConfiguration;
			buildSettings = {
				BUNDLE_LOADER = "$(BUILT_PRODUCTS_DIR)/JogoDaVelha.app/JogoDaVelha";
				FRAMEWORK_SEARCH_PATHS = (
					"$(SDKROOT)/Developer/Library/Frameworks",
					"$(DEVELOPER_LIBRARY_DIR)/Frameworks",
				);
				GCC_PRECOMPILE_PREFIX_HEADER = YES;
				GCC_PREFIX_HEADER = "JogoDaVelha/JogoDaVelha-Prefix.pch";
				INFOPLIST_FILE = "JogoDaVelhaTests/JogoDaVelhaTests-Info.plist";
				PRODUCT_NAME = "$(TARGET_NAME)";
				SDKROOT = iphoneos;
				TEST_HOST = "$(BUNDLE_LOADER)";
				WRAPPER_EXTENSION = octest;
			};
			name = Release;
		};
/* End XCBuildConfiguration section */

/* Begin XCConfigurationList section */
		12D4A8FE141E45A700FD99F3 /* Build configuration list for PBXProject "JogoDaVelha" */ = {
			isa = XCConfigurationList;
			buildConfigurations = (
				12D4A93A141E45A800FD99F3 /* Debug */,
				12D4A93B141E45A800FD99F3 /* Release */,
			);
			defaultConfigurationIsVisible = 0;
			defaultConfigurationName = Release;
		};
		12D4A93C141E45A800FD99F3 /* Build configuration list for PBXNativeTarget "JogoDaVelha" */ = {
			isa = XCConfigurationList;
			buildConfigurations = (
				12D4A93D141E45A800FD99F3 /* Debug */,
				12D4A93E141E45A800FD99F3 /* Release */,
			);
			defaultConfigurationIsVisible = 0;
			defaultConfigurationName = Release;
		};
		12D4A93F141E45A800FD99F3 /* Build configuration list for PBXNativeTarget "JogoDaVelhaTests" */ = {
			isa = XCConfigurationList;
			buildConfigurations = (
				12D4A940141E45A800FD99F3 /* Debug */,
				12D4A941141E45A800FD99F3 /* Release */,
			);
			defaultConfigurationIsVisible = 0;
			defaultConfigurationName = Release;
		};
/* End XCConfigurationList section */
	};
	rootObject = 12D4A8FB141E45A700FD99F3 /* Project object */;
}
